

Microsoft Visual Studio Solution File, Format Version 12.00
# Visual Studio Version 17
VisualStudioVersion = 17.8.34525.116
MinimumVisualStudioVersion = 10.0.40219.1
Project("{FAE04EC0-301F-11D3-BF4B-00C04F79EFBC}") = "DiagramaClasses", "DiagramaClasses\DiagramaClasses.csproj", "{ADF13016-A4FD-4FFD-933C-73DC2BB06522}"
EndProject
Global
	GlobalSection(SolutionConfigurationPlatforms) = preSolution
		Debug|Any CPU = Debug|Any CPU
		Release|Any CPU = Release|Any CPU
	EndGlobalSection
	GlobalSection(ProjectConfigurationPlatforms) = postSolution
		{ADF13016-A4FD-4FFD-933C-73DC2BB06522}.Debug|Any CPU.ActiveCfg = Debug|Any CPU
		{ADF13016-A4FD-4FFD-933C-73DC2BB06522}.Debug|Any CPU.Build.0 = Debug|Any CPU
		{ADF13016-A4FD-4FFD-933C-73DC2BB06522}.Release|Any CPU.ActiveCfg = Release|Any CPU
		{ADF13016-A4FD-4FFD-933C-73DC2BB06522}.Release|Any CPU.Build.0 = Release|Any CPU
	EndGlobalSection
	GlobalSection(SolutionProperties) = preSolution
		HideSolutionNode = FALSE
	EndGlobalSection
	GlobalSection(ExtensibilityGlobals) = postSolution
		SolutionGuid = {1BC9117E-D535-47EA-BFB1-6DA84546ECE7}
	EndGlobalSection
EndGlobal
