
Microsoft Visual Studio Solution File, Format Version 12.00
# Visual Studio Version 17
VisualStudioVersion = 17.8.34525.116
MinimumVisualStudioVersion = 10.0.40219.1
Project("{FAE04EC0-301F-11D3-BF4B-00C04F79EFBC}") = "InterfacesDesacopladas", "InterfacesDesacopladas\InterfacesDesacopladas.csproj", "{9FB0BE06-0338-445E-B051-8517CEB797CD}"
EndProject
Global
	GlobalSection(SolutionConfigurationPlatforms) = preSolution
		Debug|Any CPU = Debug|Any CPU
		Release|Any CPU = Release|Any CPU
	EndGlobalSection
	GlobalSection(ProjectConfigurationPlatforms) = postSolution
		{9FB0BE06-0338-445E-B051-8517CEB797CD}.Debug|Any CPU.ActiveCfg = Debug|Any CPU
		{9FB0BE06-0338-445E-B051-8517CEB797CD}.Debug|Any CPU.Build.0 = Debug|Any CPU
		{9FB0BE06-0338-445E-B051-8517CEB797CD}.Release|Any CPU.ActiveCfg = Release|Any CPU
		{9FB0BE06-0338-445E-B051-8517CEB797CD}.Release|Any CPU.Build.0 = Release|Any CPU
	EndGlobalSection
	GlobalSection(SolutionProperties) = preSolution
		HideSolutionNode = FALSE
	EndGlobalSection
	GlobalSection(ExtensibilityGlobals) = postSolution
		SolutionGuid = {DFA46343-4AB3-4EE7-ADA6-6A75645DE2E7}
	EndGlobalSection
EndGlobal
