
Microsoft Visual Studio Solution File, Format Version 12.00
# Visual Studio Version 17
VisualStudioVersion = 17.8.34525.116
MinimumVisualStudioVersion = 10.0.40219.1
Project("{9A19103F-16F7-4668-BE54-9A1E7A4F7556}") = "Aplicando_Principios_SOLID1", "Aplicando_Principios_SOLID1\Aplicando_Principios_SOLID1.csproj", "{BB8C5332-9A88-4A8F-87AD-B79A0B190262}"
EndProject
Project("{9A19103F-16F7-4668-BE54-9A1E7A4F7556}") = "Ajustando_Problemas_Principios_Solid", "Ajustando_Problemas_Principios_Solid\Ajustando_Problemas_Principios_Solid.csproj", "{F5C16E7B-0AA3-4D51-82B4-49B8BECB16D9}"
EndProject
Project("{FAE04EC0-301F-11D3-BF4B-00C04F79EFBC}") = "Solid4", "Solid4\Solid4.csproj", "{FC9BA8DA-BCAE-40B6-BA2B-EC27BB67626E}"
EndProject
Project("{FAE04EC0-301F-11D3-BF4B-00C04F79EFBC}") = "Solid5", "Solid5\Solid5.csproj", "{BAB0E399-394F-4AE6-A0F4-792BA4D24DCE}"
EndProject
Project("{FAE04EC0-301F-11D3-BF4B-00C04F79EFBC}") = "Solid6", "Solid6\Solid6.csproj", "{B0B66A6A-3387-4BA2-A911-F24AB6A6EC37}"
EndProject
Global
	GlobalSection(SolutionConfigurationPlatforms) = preSolution
		Debug|Any CPU = Debug|Any CPU
		Release|Any CPU = Release|Any CPU
	EndGlobalSection
	GlobalSection(ProjectConfigurationPlatforms) = postSolution
		{BB8C5332-9A88-4A8F-87AD-B79A0B190262}.Debug|Any CPU.ActiveCfg = Debug|Any CPU
		{BB8C5332-9A88-4A8F-87AD-B79A0B190262}.Debug|Any CPU.Build.0 = Debug|Any CPU
		{BB8C5332-9A88-4A8F-87AD-B79A0B190262}.Release|Any CPU.ActiveCfg = Release|Any CPU
		{BB8C5332-9A88-4A8F-87AD-B79A0B190262}.Release|Any CPU.Build.0 = Release|Any CPU
		{F5C16E7B-0AA3-4D51-82B4-49B8BECB16D9}.Debug|Any CPU.ActiveCfg = Debug|Any CPU
		{F5C16E7B-0AA3-4D51-82B4-49B8BECB16D9}.Debug|Any CPU.Build.0 = Debug|Any CPU
		{F5C16E7B-0AA3-4D51-82B4-49B8BECB16D9}.Release|Any CPU.ActiveCfg = Release|Any CPU
		{F5C16E7B-0AA3-4D51-82B4-49B8BECB16D9}.Release|Any CPU.Build.0 = Release|Any CPU
		{FC9BA8DA-BCAE-40B6-BA2B-EC27BB67626E}.Debug|Any CPU.ActiveCfg = Debug|Any CPU
		{FC9BA8DA-BCAE-40B6-BA2B-EC27BB67626E}.Debug|Any CPU.Build.0 = Debug|Any CPU
		{FC9BA8DA-BCAE-40B6-BA2B-EC27BB67626E}.Release|Any CPU.ActiveCfg = Release|Any CPU
		{FC9BA8DA-BCAE-40B6-BA2B-EC27BB67626E}.Release|Any CPU.Build.0 = Release|Any CPU
		{BAB0E399-394F-4AE6-A0F4-792BA4D24DCE}.Debug|Any CPU.ActiveCfg = Debug|Any CPU
		{BAB0E399-394F-4AE6-A0F4-792BA4D24DCE}.Debug|Any CPU.Build.0 = Debug|Any CPU
		{BAB0E399-394F-4AE6-A0F4-792BA4D24DCE}.Release|Any CPU.ActiveCfg = Release|Any CPU
		{BAB0E399-394F-4AE6-A0F4-792BA4D24DCE}.Release|Any CPU.Build.0 = Release|Any CPU
		{B0B66A6A-3387-4BA2-A911-F24AB6A6EC37}.Debug|Any CPU.ActiveCfg = Debug|Any CPU
		{B0B66A6A-3387-4BA2-A911-F24AB6A6EC37}.Debug|Any CPU.Build.0 = Debug|Any CPU
		{B0B66A6A-3387-4BA2-A911-F24AB6A6EC37}.Release|Any CPU.ActiveCfg = Release|Any CPU
		{B0B66A6A-3387-4BA2-A911-F24AB6A6EC37}.Release|Any CPU.Build.0 = Release|Any CPU
	EndGlobalSection
	GlobalSection(SolutionProperties) = preSolution
		HideSolutionNode = FALSE
	EndGlobalSection
	GlobalSection(ExtensibilityGlobals) = postSolution
		SolutionGuid = {16CE376D-62F0-4EAD-80A8-7205BDC867B0}
	EndGlobalSection
EndGlobal
